
Microsoft Visual Studio Solution File, Format Version 12.00
# Visual Studio 15
VisualStudioVersion = 15.0.26228.4
MinimumVisualStudioVersion = 10.0.40219.1
Project("{2150E333-8FDC-42A3-9474-1A3956D46DE8}") = "query", "query", "{27FC997C-9623-42CF-8647-05A87D11FB39}"
EndProject
Project("{2150E333-8FDC-42A3-9474-1A3956D46DE8}") = "Data", "Data", "{B99C38DE-4DED-44BC-B4B9-FCE1B23C0176}"
EndProject
Project("{9A19103F-16F7-4668-BE54-9A1E7A4F7556}") = "StockPile.Model.Inventory", "StockPile.Model.Inventory\StockPile.Model.Inventory.csproj", "{A1F722C1-41CE-41D3-8CCF-8040E36C712A}"
EndProject
Project("{9A19103F-16F7-4668-BE54-9A1E7A4F7556}") = "StockPile.Query", "StockPile.Query\StockPile.Query.csproj", "{D0498C8B-A9CA-4BFF-86BA-CE25DBAE81E4}"
EndProject
Project("{9A19103F-16F7-4668-BE54-9A1E7A4F7556}") = "StockPile.Query.Handlers", "StockPile.Query.Handlers\StockPile.Query.Handlers.csproj", "{3B257AA9-52AF-4AE3-AF6C-1A33A2328142}"
EndProject
Project("{2150E333-8FDC-42A3-9474-1A3956D46DE8}") = "model", "model", "{F4A9BBC0-EA39-4030-AB2E-965051333ABD}"
EndProject
Project("{FAE04EC0-301F-11D3-BF4B-00C04F79EFBC}") = "StockPile.Model.Fulfillment", "StockPile.Model.Fulfillment\StockPile.Model.Fulfillment.csproj", "{0C78BCFE-3AD8-483B-9C65-F107FFE3AB6C}"
EndProject
Project("{2150E333-8FDC-42A3-9474-1A3956D46DE8}") = "repository", "repository", "{E9DF2584-D32D-4217-870D-A35361593169}"
EndProject
Project("{2150E333-8FDC-42A3-9474-1A3956D46DE8}") = "Services", "Services", "{1C944208-BD3A-4217-83DD-C8734192ED56}"
EndProject
Project("{2150E333-8FDC-42A3-9474-1A3956D46DE8}") = "commands", "commands", "{E96A1245-F12C-432A-ABD5-A2574EFFBC7D}"
EndProject
Project("{FAE04EC0-301F-11D3-BF4B-00C04F79EFBC}") = "StockPile.Model", "StockPile.Model\StockPile.Model.csproj", "{EDCEEBAA-4046-449B-9B6F-A8B647A844AF}"
EndProject
Project("{2150E333-8FDC-42A3-9474-1A3956D46DE8}") = "_implementation", "_implementation", "{EBF0293D-9E2D-4D4E-8EF6-1491C9F1F32D}"
EndProject
Project("{2150E333-8FDC-42A3-9474-1A3956D46DE8}") = "_implementation", "_implementation", "{41D47B3F-319C-47D7-B860-A09B7A370CC2}"
EndProject
Project("{2150E333-8FDC-42A3-9474-1A3956D46DE8}") = "API", "API", "{7836EBC5-DC97-478C-8673-3CBD47B9ACD7}"
EndProject
Project("{2150E333-8FDC-42A3-9474-1A3956D46DE8}") = "Presentation", "Presentation", "{EEB7B247-1B55-46D5-A22B-EF2C0656B338}"
EndProject
Project("{2150E333-8FDC-42A3-9474-1A3956D46DE8}") = "_implementation", "_implementation", "{D3C6AC9E-5D87-433C-817F-FB2B8AF28DA4}"
EndProject
Project("{FAE04EC0-301F-11D3-BF4B-00C04F79EFBC}") = "StockPile.Api", "StockPile.Api\StockPile.Api.csproj", "{6C7131E8-AB3C-4F51-87E6-BC65A2844FA7}"
EndProject
Project("{FAE04EC0-301F-11D3-BF4B-00C04F79EFBC}") = "StockPile.Services.ApplicationService", "StockPile.Services.ApplicationService\StockPile.Services.ApplicationService.csproj", "{4AB3CDA5-B7E2-4CC9-A6BE-C19D931EA821}"
EndProject
Project("{FAE04EC0-301F-11D3-BF4B-00C04F79EFBC}") = "StockPile.Data.MemoryDbImpl", "StockPile.Data.MemoryDbImpl\StockPile.Data.MemoryDbImpl.csproj", "{70C1659E-8295-4EB9-827B-C68BDB24D068}"
EndProject
Project("{2150E333-8FDC-42A3-9474-1A3956D46DE8}") = "_implementation", "_implementation", "{5953F66E-C4BD-46D4-B573-E5D02DD1B730}"
EndProject
Project("{FAE04EC0-301F-11D3-BF4B-00C04F79EFBC}") = "StockPile.Presentation.Web", "StockPile.Presentation.Web\StockPile.Presentation.Web.csproj", "{2AC124C8-D4B6-4447-9023-369A4C13A9D3}"
EndProject
Project("{FAE04EC0-301F-11D3-BF4B-00C04F79EFBC}") = "StockPile.Messaging", "StockPile.Messaging\StockPile.Messaging.csproj", "{2E57D5ED-659B-4198-87CD-D7C00433F27F}"
EndProject
Project("{2150E333-8FDC-42A3-9474-1A3956D46DE8}") = "messaging", "messaging", "{1C9B0851-6567-4374-8BAB-1CA3FDE55015}"
EndProject
Project("{9A19103F-16F7-4668-BE54-9A1E7A4F7556}") = "StockPile.Command.Handlers", "StockPile.Command.Handlers\StockPile.Command.Handlers.csproj", "{08EF266D-7924-47D8-995B-FDF176E455B3}"
EndProject
Project("{9A19103F-16F7-4668-BE54-9A1E7A4F7556}") = "StockPile.Repository", "StockPile.Repository\StockPile.Repository.csproj", "{40C49FBD-2B02-4DFB-BE78-DEB34B8622BA}"
EndProject
Project("{9A19103F-16F7-4668-BE54-9A1E7A4F7556}") = "StockPile.Command", "StockPile.Command\StockPile.Command.csproj", "{D2E094DD-B604-4901-99A1-66BC1F49172E}"
EndProject
Global
	GlobalSection(SolutionConfigurationPlatforms) = preSolution
		Debug|Any CPU = Debug|Any CPU
		Release|Any CPU = Release|Any CPU
	EndGlobalSection
	GlobalSection(ProjectConfigurationPlatforms) = postSolution
		{A1F722C1-41CE-41D3-8CCF-8040E36C712A}.Debug|Any CPU.ActiveCfg = Debug|Any CPU
		{A1F722C1-41CE-41D3-8CCF-8040E36C712A}.Debug|Any CPU.Build.0 = Debug|Any CPU
		{A1F722C1-41CE-41D3-8CCF-8040E36C712A}.Release|Any CPU.ActiveCfg = Release|Any CPU
		{A1F722C1-41CE-41D3-8CCF-8040E36C712A}.Release|Any CPU.Build.0 = Release|Any CPU
		{D0498C8B-A9CA-4BFF-86BA-CE25DBAE81E4}.Debug|Any CPU.ActiveCfg = Debug|Any CPU
		{D0498C8B-A9CA-4BFF-86BA-CE25DBAE81E4}.Debug|Any CPU.Build.0 = Debug|Any CPU
		{D0498C8B-A9CA-4BFF-86BA-CE25DBAE81E4}.Release|Any CPU.ActiveCfg = Release|Any CPU
		{D0498C8B-A9CA-4BFF-86BA-CE25DBAE81E4}.Release|Any CPU.Build.0 = Release|Any CPU
		{3B257AA9-52AF-4AE3-AF6C-1A33A2328142}.Debug|Any CPU.ActiveCfg = Debug|Any CPU
		{3B257AA9-52AF-4AE3-AF6C-1A33A2328142}.Debug|Any CPU.Build.0 = Debug|Any CPU
		{3B257AA9-52AF-4AE3-AF6C-1A33A2328142}.Release|Any CPU.ActiveCfg = Release|Any CPU
		{3B257AA9-52AF-4AE3-AF6C-1A33A2328142}.Release|Any CPU.Build.0 = Release|Any CPU
		{0C78BCFE-3AD8-483B-9C65-F107FFE3AB6C}.Debug|Any CPU.ActiveCfg = Debug|Any CPU
		{0C78BCFE-3AD8-483B-9C65-F107FFE3AB6C}.Debug|Any CPU.Build.0 = Debug|Any CPU
		{0C78BCFE-3AD8-483B-9C65-F107FFE3AB6C}.Release|Any CPU.ActiveCfg = Release|Any CPU
		{0C78BCFE-3AD8-483B-9C65-F107FFE3AB6C}.Release|Any CPU.Build.0 = Release|Any CPU
		{EDCEEBAA-4046-449B-9B6F-A8B647A844AF}.Debug|Any CPU.ActiveCfg = Debug|Any CPU
		{EDCEEBAA-4046-449B-9B6F-A8B647A844AF}.Debug|Any CPU.Build.0 = Debug|Any CPU
		{EDCEEBAA-4046-449B-9B6F-A8B647A844AF}.Release|Any CPU.ActiveCfg = Release|Any CPU
		{EDCEEBAA-4046-449B-9B6F-A8B647A844AF}.Release|Any CPU.Build.0 = Release|Any CPU
		{6C7131E8-AB3C-4F51-87E6-BC65A2844FA7}.Debug|Any CPU.ActiveCfg = Debug|Any CPU
		{6C7131E8-AB3C-4F51-87E6-BC65A2844FA7}.Debug|Any CPU.Build.0 = Debug|Any CPU
		{6C7131E8-AB3C-4F51-87E6-BC65A2844FA7}.Release|Any CPU.ActiveCfg = Release|Any CPU
		{6C7131E8-AB3C-4F51-87E6-BC65A2844FA7}.Release|Any CPU.Build.0 = Release|Any CPU
		{4AB3CDA5-B7E2-4CC9-A6BE-C19D931EA821}.Debug|Any CPU.ActiveCfg = Debug|Any CPU
		{4AB3CDA5-B7E2-4CC9-A6BE-C19D931EA821}.Debug|Any CPU.Build.0 = Debug|Any CPU
		{4AB3CDA5-B7E2-4CC9-A6BE-C19D931EA821}.Release|Any CPU.ActiveCfg = Release|Any CPU
		{4AB3CDA5-B7E2-4CC9-A6BE-C19D931EA821}.Release|Any CPU.Build.0 = Release|Any CPU
		{70C1659E-8295-4EB9-827B-C68BDB24D068}.Debug|Any CPU.ActiveCfg = Debug|Any CPU
		{70C1659E-8295-4EB9-827B-C68BDB24D068}.Debug|Any CPU.Build.0 = Debug|Any CPU
		{70C1659E-8295-4EB9-827B-C68BDB24D068}.Release|Any CPU.ActiveCfg = Release|Any CPU
		{70C1659E-8295-4EB9-827B-C68BDB24D068}.Release|Any CPU.Build.0 = Release|Any CPU
		{2AC124C8-D4B6-4447-9023-369A4C13A9D3}.Debug|Any CPU.ActiveCfg = Debug|Any CPU
		{2AC124C8-D4B6-4447-9023-369A4C13A9D3}.Debug|Any CPU.Build.0 = Debug|Any CPU
		{2AC124C8-D4B6-4447-9023-369A4C13A9D3}.Release|Any CPU.ActiveCfg = Release|Any CPU
		{2AC124C8-D4B6-4447-9023-369A4C13A9D3}.Release|Any CPU.Build.0 = Release|Any CPU
		{2E57D5ED-659B-4198-87CD-D7C00433F27F}.Debug|Any CPU.ActiveCfg = Debug|Any CPU
		{2E57D5ED-659B-4198-87CD-D7C00433F27F}.Debug|Any CPU.Build.0 = Debug|Any CPU
		{2E57D5ED-659B-4198-87CD-D7C00433F27F}.Release|Any CPU.ActiveCfg = Release|Any CPU
		{2E57D5ED-659B-4198-87CD-D7C00433F27F}.Release|Any CPU.Build.0 = Release|Any CPU
		{08EF266D-7924-47D8-995B-FDF176E455B3}.Debug|Any CPU.ActiveCfg = Debug|Any CPU
		{08EF266D-7924-47D8-995B-FDF176E455B3}.Debug|Any CPU.Build.0 = Debug|Any CPU
		{08EF266D-7924-47D8-995B-FDF176E455B3}.Release|Any CPU.ActiveCfg = Release|Any CPU
		{08EF266D-7924-47D8-995B-FDF176E455B3}.Release|Any CPU.Build.0 = Release|Any CPU
		{40C49FBD-2B02-4DFB-BE78-DEB34B8622BA}.Debug|Any CPU.ActiveCfg = Debug|Any CPU
		{40C49FBD-2B02-4DFB-BE78-DEB34B8622BA}.Debug|Any CPU.Build.0 = Debug|Any CPU
		{40C49FBD-2B02-4DFB-BE78-DEB34B8622BA}.Release|Any CPU.ActiveCfg = Release|Any CPU
		{40C49FBD-2B02-4DFB-BE78-DEB34B8622BA}.Release|Any CPU.Build.0 = Release|Any CPU
		{D2E094DD-B604-4901-99A1-66BC1F49172E}.Debug|Any CPU.ActiveCfg = Debug|Any CPU
		{D2E094DD-B604-4901-99A1-66BC1F49172E}.Debug|Any CPU.Build.0 = Debug|Any CPU
		{D2E094DD-B604-4901-99A1-66BC1F49172E}.Release|Any CPU.ActiveCfg = Release|Any CPU
		{D2E094DD-B604-4901-99A1-66BC1F49172E}.Release|Any CPU.Build.0 = Release|Any CPU
	EndGlobalSection
	GlobalSection(SolutionProperties) = preSolution
		HideSolutionNode = FALSE
	EndGlobalSection
	GlobalSection(NestedProjects) = preSolution
		{27FC997C-9623-42CF-8647-05A87D11FB39} = {1C944208-BD3A-4217-83DD-C8734192ED56}
		{A1F722C1-41CE-41D3-8CCF-8040E36C712A} = {F4A9BBC0-EA39-4030-AB2E-965051333ABD}
		{D0498C8B-A9CA-4BFF-86BA-CE25DBAE81E4} = {27FC997C-9623-42CF-8647-05A87D11FB39}
		{3B257AA9-52AF-4AE3-AF6C-1A33A2328142} = {27FC997C-9623-42CF-8647-05A87D11FB39}
		{F4A9BBC0-EA39-4030-AB2E-965051333ABD} = {B99C38DE-4DED-44BC-B4B9-FCE1B23C0176}
		{0C78BCFE-3AD8-483B-9C65-F107FFE3AB6C} = {F4A9BBC0-EA39-4030-AB2E-965051333ABD}
		{E9DF2584-D32D-4217-870D-A35361593169} = {B99C38DE-4DED-44BC-B4B9-FCE1B23C0176}
		{E96A1245-F12C-432A-ABD5-A2574EFFBC7D} = {1C944208-BD3A-4217-83DD-C8734192ED56}
		{EDCEEBAA-4046-449B-9B6F-A8B647A844AF} = {F4A9BBC0-EA39-4030-AB2E-965051333ABD}
		{EBF0293D-9E2D-4D4E-8EF6-1491C9F1F32D} = {B99C38DE-4DED-44BC-B4B9-FCE1B23C0176}
		{41D47B3F-319C-47D7-B860-A09B7A370CC2} = {1C944208-BD3A-4217-83DD-C8734192ED56}
		{D3C6AC9E-5D87-433C-817F-FB2B8AF28DA4} = {7836EBC5-DC97-478C-8673-3CBD47B9ACD7}
		{6C7131E8-AB3C-4F51-87E6-BC65A2844FA7} = {D3C6AC9E-5D87-433C-817F-FB2B8AF28DA4}
		{4AB3CDA5-B7E2-4CC9-A6BE-C19D931EA821} = {41D47B3F-319C-47D7-B860-A09B7A370CC2}
		{70C1659E-8295-4EB9-827B-C68BDB24D068} = {EBF0293D-9E2D-4D4E-8EF6-1491C9F1F32D}
		{5953F66E-C4BD-46D4-B573-E5D02DD1B730} = {EEB7B247-1B55-46D5-A22B-EF2C0656B338}
		{2AC124C8-D4B6-4447-9023-369A4C13A9D3} = {5953F66E-C4BD-46D4-B573-E5D02DD1B730}
		{2E57D5ED-659B-4198-87CD-D7C00433F27F} = {1C9B0851-6567-4374-8BAB-1CA3FDE55015}
		{1C9B0851-6567-4374-8BAB-1CA3FDE55015} = {1C944208-BD3A-4217-83DD-C8734192ED56}
		{08EF266D-7924-47D8-995B-FDF176E455B3} = {E96A1245-F12C-432A-ABD5-A2574EFFBC7D}
		{40C49FBD-2B02-4DFB-BE78-DEB34B8622BA} = {E9DF2584-D32D-4217-870D-A35361593169}
		{D2E094DD-B604-4901-99A1-66BC1F49172E} = {E96A1245-F12C-432A-ABD5-A2574EFFBC7D}
	EndGlobalSection
EndGlobal
